
Microsoft Visual Studio Solution File, Format Version 12.00
# Visual Studio Version 17
VisualStudioVersion = 17.5.2.0
MinimumVisualStudioVersion = 10.0.40219.1
Project("{FAE04EC0-301F-11D3-BF4B-00C04F79EFBC}") = "TreeCampaign.Domain", "TreeCampaign.Domain\TreeCampaign.Domain.csproj", "{E1AA2539-1A36-40DC-B601-6B098560A071}"
EndProject
Project("{FAE04EC0-301F-11D3-BF4B-00C04F79EFBC}") = "TreeCampaign.Infrastructure", "TreeCampaign.Infrastructure\TreeCampaign.Infrastructure.csproj", "{202DD59C-5AD4-41F8-AC40-E138B736BB76}"
EndProject
Project("{FAE04EC0-301F-11D3-BF4B-00C04F79EFBC}") = "TreeCampaign.Api", "TreeCampaign.Api\TreeCampaign.Api.csproj", "{FFE57D93-4F49-4F17-9F7F-6A2C554210E4}"
EndProject
Project("{FAE04EC0-301F-11D3-BF4B-00C04F79EFBC}") = "TreeTerritory.Domain", "TreeTerritory.Domain\TreeTerritory.Domain.csproj", "{88EB7910-0E14-46A6-8E21-1BA38AD8A3BF}"
EndProject
Project("{FAE04EC0-301F-11D3-BF4B-00C04F79EFBC}") = "TreeTerritory.Infrastructure", "TreeTerritory.Infrastructure\TreeTerritory.Infrastructure.csproj", "{B08AFA15-A1BE-4282-B7D5-24A3768EF08D}"
EndProject
Project("{FAE04EC0-301F-11D3-BF4B-00C04F79EFBC}") = "Host.Api", "Host.Api\Host.Api.csproj", "{D8F8EC14-64C2-4456-80B1-183E3B3F8C6E}"
EndProject
Project("{FAE04EC0-301F-11D3-BF4B-00C04F79EFBC}") = "Common.Infrastructure", "Common.Infrastructure\Common.Infrastructure.csproj", "{4F82DAF1-9226-4254-9D7E-4CAE3B6ED3B1}"
EndProject
Project("{FAE04EC0-301F-11D3-BF4B-00C04F79EFBC}") = "TreeTerritory.Api", "TreeTerritory.Api\TreeTerritory.Api.csproj", "{3AEE8924-73FB-41BB-BC80-5CDE4F794CDC}"
EndProject
Project("{FAE04EC0-301F-11D3-BF4B-00C04F79EFBC}") = "Intake.Domain", "Intake.Domain\Intake.Domain.csproj", "{4A2F7410-88B6-4350-A8BA-75F00CFCB0DB}"
EndProject
Project("{FAE04EC0-301F-11D3-BF4B-00C04F79EFBC}") = "Common.Domain", "Common.Domain\Common.Domain.csproj", "{13CFADF3-5391-40E2-A44A-E40AAAD3B8E0}"
EndProject
Project("{FAE04EC0-301F-11D3-BF4B-00C04F79EFBC}") = "Intake.Infrastructure", "Intake.Infrastructure\Intake.Infrastructure.csproj", "{47346D60-ED94-4A30-B28E-3550A2FC173F}"
EndProject
Project("{FAE04EC0-301F-11D3-BF4B-00C04F79EFBC}") = "Intake.Api", "Intake.Api\Intake.Api.csproj", "{99ED41AF-2BE3-4779-A908-3A0492BF7ED7}"
EndProject
Project("{FAE04EC0-301F-11D3-BF4B-00C04F79EFBC}") = "Intake.Application", "Intake.Application\Intake.Application.csproj", "{0C7EF783-3B97-445D-A4DD-23F17897560D}"
EndProject
Global
	GlobalSection(SolutionConfigurationPlatforms) = preSolution
		Debug|Any CPU = Debug|Any CPU
		Debug|x64 = Debug|x64
		Debug|x86 = Debug|x86
		Release|Any CPU = Release|Any CPU
		Release|x64 = Release|x64
		Release|x86 = Release|x86
	EndGlobalSection
	GlobalSection(ProjectConfigurationPlatforms) = postSolution
		{E1AA2539-1A36-40DC-B601-6B098560A071}.Debug|Any CPU.ActiveCfg = Debug|Any CPU
		{E1AA2539-1A36-40DC-B601-6B098560A071}.Debug|Any CPU.Build.0 = Debug|Any CPU
		{E1AA2539-1A36-40DC-B601-6B098560A071}.Debug|x64.ActiveCfg = Debug|Any CPU
		{E1AA2539-1A36-40DC-B601-6B098560A071}.Debug|x64.Build.0 = Debug|Any CPU
		{E1AA2539-1A36-40DC-B601-6B098560A071}.Debug|x86.ActiveCfg = Debug|Any CPU
		{E1AA2539-1A36-40DC-B601-6B098560A071}.Debug|x86.Build.0 = Debug|Any CPU
		{E1AA2539-1A36-40DC-B601-6B098560A071}.Release|Any CPU.ActiveCfg = Release|Any CPU
		{E1AA2539-1A36-40DC-B601-6B098560A071}.Release|Any CPU.Build.0 = Release|Any CPU
		{E1AA2539-1A36-40DC-B601-6B098560A071}.Release|x64.ActiveCfg = Release|Any CPU
		{E1AA2539-1A36-40DC-B601-6B098560A071}.Release|x64.Build.0 = Release|Any CPU
		{E1AA2539-1A36-40DC-B601-6B098560A071}.Release|x86.ActiveCfg = Release|Any CPU
		{E1AA2539-1A36-40DC-B601-6B098560A071}.Release|x86.Build.0 = Release|Any CPU
		{202DD59C-5AD4-41F8-AC40-E138B736BB76}.Debug|Any CPU.ActiveCfg = Debug|Any CPU
		{202DD59C-5AD4-41F8-AC40-E138B736BB76}.Debug|Any CPU.Build.0 = Debug|Any CPU
		{202DD59C-5AD4-41F8-AC40-E138B736BB76}.Debug|x64.ActiveCfg = Debug|Any CPU
		{202DD59C-5AD4-41F8-AC40-E138B736BB76}.Debug|x64.Build.0 = Debug|Any CPU
		{202DD59C-5AD4-41F8-AC40-E138B736BB76}.Debug|x86.ActiveCfg = Debug|Any CPU
		{202DD59C-5AD4-41F8-AC40-E138B736BB76}.Debug|x86.Build.0 = Debug|Any CPU
		{202DD59C-5AD4-41F8-AC40-E138B736BB76}.Release|Any CPU.ActiveCfg = Release|Any CPU
		{202DD59C-5AD4-41F8-AC40-E138B736BB76}.Release|Any CPU.Build.0 = Release|Any CPU
		{202DD59C-5AD4-41F8-AC40-E138B736BB76}.Release|x64.ActiveCfg = Release|Any CPU
		{202DD59C-5AD4-41F8-AC40-E138B736BB76}.Release|x64.Build.0 = Release|Any CPU
		{202DD59C-5AD4-41F8-AC40-E138B736BB76}.Release|x86.ActiveCfg = Release|Any CPU
		{202DD59C-5AD4-41F8-AC40-E138B736BB76}.Release|x86.Build.0 = Release|Any CPU
		{FFE57D93-4F49-4F17-9F7F-6A2C554210E4}.Debug|Any CPU.ActiveCfg = Debug|Any CPU
		{FFE57D93-4F49-4F17-9F7F-6A2C554210E4}.Debug|Any CPU.Build.0 = Debug|Any CPU
		{FFE57D93-4F49-4F17-9F7F-6A2C554210E4}.Debug|x64.ActiveCfg = Debug|Any CPU
		{FFE57D93-4F49-4F17-9F7F-6A2C554210E4}.Debug|x64.Build.0 = Debug|Any CPU
		{FFE57D93-4F49-4F17-9F7F-6A2C554210E4}.Debug|x86.ActiveCfg = Debug|Any CPU
		{FFE57D93-4F49-4F17-9F7F-6A2C554210E4}.Debug|x86.Build.0 = Debug|Any CPU
		{FFE57D93-4F49-4F17-9F7F-6A2C554210E4}.Release|Any CPU.ActiveCfg = Release|Any CPU
		{FFE57D93-4F49-4F17-9F7F-6A2C554210E4}.Release|Any CPU.Build.0 = Release|Any CPU
		{FFE57D93-4F49-4F17-9F7F-6A2C554210E4}.Release|x64.ActiveCfg = Release|Any CPU
		{FFE57D93-4F49-4F17-9F7F-6A2C554210E4}.Release|x64.Build.0 = Release|Any CPU
		{FFE57D93-4F49-4F17-9F7F-6A2C554210E4}.Release|x86.ActiveCfg = Release|Any CPU
		{FFE57D93-4F49-4F17-9F7F-6A2C554210E4}.Release|x86.Build.0 = Release|Any CPU
		{88EB7910-0E14-46A6-8E21-1BA38AD8A3BF}.Debug|Any CPU.ActiveCfg = Debug|Any CPU
		{88EB7910-0E14-46A6-8E21-1BA38AD8A3BF}.Debug|Any CPU.Build.0 = Debug|Any CPU
		{88EB7910-0E14-46A6-8E21-1BA38AD8A3BF}.Debug|x64.ActiveCfg = Debug|Any CPU
		{88EB7910-0E14-46A6-8E21-1BA38AD8A3BF}.Debug|x64.Build.0 = Debug|Any CPU
		{88EB7910-0E14-46A6-8E21-1BA38AD8A3BF}.Debug|x86.ActiveCfg = Debug|Any CPU
		{88EB7910-0E14-46A6-8E21-1BA38AD8A3BF}.Debug|x86.Build.0 = Debug|Any CPU
		{88EB7910-0E14-46A6-8E21-1BA38AD8A3BF}.Release|Any CPU.ActiveCfg = Release|Any CPU
		{88EB7910-0E14-46A6-8E21-1BA38AD8A3BF}.Release|Any CPU.Build.0 = Release|Any CPU
		{88EB7910-0E14-46A6-8E21-1BA38AD8A3BF}.Release|x64.ActiveCfg = Release|Any CPU
		{88EB7910-0E14-46A6-8E21-1BA38AD8A3BF}.Release|x64.Build.0 = Release|Any CPU
		{88EB7910-0E14-46A6-8E21-1BA38AD8A3BF}.Release|x86.ActiveCfg = Release|Any CPU
		{88EB7910-0E14-46A6-8E21-1BA38AD8A3BF}.Release|x86.Build.0 = Release|Any CPU
		{B08AFA15-A1BE-4282-B7D5-24A3768EF08D}.Debug|Any CPU.ActiveCfg = Debug|Any CPU
		{B08AFA15-A1BE-4282-B7D5-24A3768EF08D}.Debug|Any CPU.Build.0 = Debug|Any CPU
		{B08AFA15-A1BE-4282-B7D5-24A3768EF08D}.Debug|x64.ActiveCfg = Debug|Any CPU
		{B08AFA15-A1BE-4282-B7D5-24A3768EF08D}.Debug|x64.Build.0 = Debug|Any CPU
		{B08AFA15-A1BE-4282-B7D5-24A3768EF08D}.Debug|x86.ActiveCfg = Debug|Any CPU
		{B08AFA15-A1BE-4282-B7D5-24A3768EF08D}.Debug|x86.Build.0 = Debug|Any CPU
		{B08AFA15-A1BE-4282-B7D5-24A3768EF08D}.Release|Any CPU.ActiveCfg = Release|Any CPU
		{B08AFA15-A1BE-4282-B7D5-24A3768EF08D}.Release|Any CPU.Build.0 = Release|Any CPU
		{B08AFA15-A1BE-4282-B7D5-24A3768EF08D}.Release|x64.ActiveCfg = Release|Any CPU
		{B08AFA15-A1BE-4282-B7D5-24A3768EF08D}.Release|x64.Build.0 = Release|Any CPU
		{B08AFA15-A1BE-4282-B7D5-24A3768EF08D}.Release|x86.ActiveCfg = Release|Any CPU
		{B08AFA15-A1BE-4282-B7D5-24A3768EF08D}.Release|x86.Build.0 = Release|Any CPU
		{D8F8EC14-64C2-4456-80B1-183E3B3F8C6E}.Debug|Any CPU.ActiveCfg = Debug|Any CPU
		{D8F8EC14-64C2-4456-80B1-183E3B3F8C6E}.Debug|Any CPU.Build.0 = Debug|Any CPU
		{D8F8EC14-64C2-4456-80B1-183E3B3F8C6E}.Debug|x64.ActiveCfg = Debug|Any CPU
		{D8F8EC14-64C2-4456-80B1-183E3B3F8C6E}.Debug|x64.Build.0 = Debug|Any CPU
		{D8F8EC14-64C2-4456-80B1-183E3B3F8C6E}.Debug|x86.ActiveCfg = Debug|Any CPU
		{D8F8EC14-64C2-4456-80B1-183E3B3F8C6E}.Debug|x86.Build.0 = Debug|Any CPU
		{D8F8EC14-64C2-4456-80B1-183E3B3F8C6E}.Release|Any CPU.ActiveCfg = Release|Any CPU
		{D8F8EC14-64C2-4456-80B1-183E3B3F8C6E}.Release|Any CPU.Build.0 = Release|Any CPU
		{D8F8EC14-64C2-4456-80B1-183E3B3F8C6E}.Release|x64.ActiveCfg = Release|Any CPU
		{D8F8EC14-64C2-4456-80B1-183E3B3F8C6E}.Release|x64.Build.0 = Release|Any CPU
		{D8F8EC14-64C2-4456-80B1-183E3B3F8C6E}.Release|x86.ActiveCfg = Release|Any CPU
		{D8F8EC14-64C2-4456-80B1-183E3B3F8C6E}.Release|x86.Build.0 = Release|Any CPU
		{4F82DAF1-9226-4254-9D7E-4CAE3B6ED3B1}.Debug|Any CPU.ActiveCfg = Debug|Any CPU
		{4F82DAF1-9226-4254-9D7E-4CAE3B6ED3B1}.Debug|Any CPU.Build.0 = Debug|Any CPU
		{4F82DAF1-9226-4254-9D7E-4CAE3B6ED3B1}.Debug|x64.ActiveCfg = Debug|Any CPU
		{4F82DAF1-9226-4254-9D7E-4CAE3B6ED3B1}.Debug|x64.Build.0 = Debug|Any CPU
		{4F82DAF1-9226-4254-9D7E-4CAE3B6ED3B1}.Debug|x86.ActiveCfg = Debug|Any CPU
		{4F82DAF1-9226-4254-9D7E-4CAE3B6ED3B1}.Debug|x86.Build.0 = Debug|Any CPU
		{4F82DAF1-9226-4254-9D7E-4CAE3B6ED3B1}.Release|Any CPU.ActiveCfg = Release|Any CPU
		{4F82DAF1-9226-4254-9D7E-4CAE3B6ED3B1}.Release|Any CPU.Build.0 = Release|Any CPU
		{4F82DAF1-9226-4254-9D7E-4CAE3B6ED3B1}.Release|x64.ActiveCfg = Release|Any CPU
		{4F82DAF1-9226-4254-9D7E-4CAE3B6ED3B1}.Release|x64.Build.0 = Release|Any CPU
		{4F82DAF1-9226-4254-9D7E-4CAE3B6ED3B1}.Release|x86.ActiveCfg = Release|Any CPU
		{4F82DAF1-9226-4254-9D7E-4CAE3B6ED3B1}.Release|x86.Build.0 = Release|Any CPU
		{3AEE8924-73FB-41BB-BC80-5CDE4F794CDC}.Debug|Any CPU.ActiveCfg = Debug|Any CPU
		{3AEE8924-73FB-41BB-BC80-5CDE4F794CDC}.Debug|Any CPU.Build.0 = Debug|Any CPU
		{3AEE8924-73FB-41BB-BC80-5CDE4F794CDC}.Debug|x64.ActiveCfg = Debug|Any CPU
		{3AEE8924-73FB-41BB-BC80-5CDE4F794CDC}.Debug|x64.Build.0 = Debug|Any CPU
		{3AEE8924-73FB-41BB-BC80-5CDE4F794CDC}.Debug|x86.ActiveCfg = Debug|Any CPU
		{3AEE8924-73FB-41BB-BC80-5CDE4F794CDC}.Debug|x86.Build.0 = Debug|Any CPU
		{3AEE8924-73FB-41BB-BC80-5CDE4F794CDC}.Release|Any CPU.ActiveCfg = Release|Any CPU
		{3AEE8924-73FB-41BB-BC80-5CDE4F794CDC}.Release|Any CPU.Build.0 = Release|Any CPU
		{3AEE8924-73FB-41BB-BC80-5CDE4F794CDC}.Release|x64.ActiveCfg = Release|Any CPU
		{3AEE8924-73FB-41BB-BC80-5CDE4F794CDC}.Release|x64.Build.0 = Release|Any CPU
		{3AEE8924-73FB-41BB-BC80-5CDE4F794CDC}.Release|x86.ActiveCfg = Release|Any CPU
		{3AEE8924-73FB-41BB-BC80-5CDE4F794CDC}.Release|x86.Build.0 = Release|Any CPU
		{4A2F7410-88B6-4350-A8BA-75F00CFCB0DB}.Debug|Any CPU.ActiveCfg = Debug|Any CPU
		{4A2F7410-88B6-4350-A8BA-75F00CFCB0DB}.Debug|Any CPU.Build.0 = Debug|Any CPU
		{4A2F7410-88B6-4350-A8BA-75F00CFCB0DB}.Debug|x64.ActiveCfg = Debug|Any CPU
		{4A2F7410-88B6-4350-A8BA-75F00CFCB0DB}.Debug|x64.Build.0 = Debug|Any CPU
		{4A2F7410-88B6-4350-A8BA-75F00CFCB0DB}.Debug|x86.ActiveCfg = Debug|Any CPU
		{4A2F7410-88B6-4350-A8BA-75F00CFCB0DB}.Debug|x86.Build.0 = Debug|Any CPU
		{4A2F7410-88B6-4350-A8BA-75F00CFCB0DB}.Release|Any CPU.ActiveCfg = Release|Any CPU
		{4A2F7410-88B6-4350-A8BA-75F00CFCB0DB}.Release|Any CPU.Build.0 = Release|Any CPU
		{4A2F7410-88B6-4350-A8BA-75F00CFCB0DB}.Release|x64.ActiveCfg = Release|Any CPU
		{4A2F7410-88B6-4350-A8BA-75F00CFCB0DB}.Release|x64.Build.0 = Release|Any CPU
		{4A2F7410-88B6-4350-A8BA-75F00CFCB0DB}.Release|x86.ActiveCfg = Release|Any CPU
		{4A2F7410-88B6-4350-A8BA-75F00CFCB0DB}.Release|x86.Build.0 = Release|Any CPU
		{13CFADF3-5391-40E2-A44A-E40AAAD3B8E0}.Debug|Any CPU.ActiveCfg = Debug|Any CPU
		{13CFADF3-5391-40E2-A44A-E40AAAD3B8E0}.Debug|Any CPU.Build.0 = Debug|Any CPU
		{13CFADF3-5391-40E2-A44A-E40AAAD3B8E0}.Debug|x64.ActiveCfg = Debug|Any CPU
		{13CFADF3-5391-40E2-A44A-E40AAAD3B8E0}.Debug|x64.Build.0 = Debug|Any CPU
		{13CFADF3-5391-40E2-A44A-E40AAAD3B8E0}.Debug|x86.ActiveCfg = Debug|Any CPU
		{13CFADF3-5391-40E2-A44A-E40AAAD3B8E0}.Debug|x86.Build.0 = Debug|Any CPU
		{13CFADF3-5391-40E2-A44A-E40AAAD3B8E0}.Release|Any CPU.ActiveCfg = Release|Any CPU
		{13CFADF3-5391-40E2-A44A-E40AAAD3B8E0}.Release|Any CPU.Build.0 = Release|Any CPU
		{13CFADF3-5391-40E2-A44A-E40AAAD3B8E0}.Release|x64.ActiveCfg = Release|Any CPU
		{13CFADF3-5391-40E2-A44A-E40AAAD3B8E0}.Release|x64.Build.0 = Release|Any CPU
		{13CFADF3-5391-40E2-A44A-E40AAAD3B8E0}.Release|x86.ActiveCfg = Release|Any CPU
		{13CFADF3-5391-40E2-A44A-E40AAAD3B8E0}.Release|x86.Build.0 = Release|Any CPU
		{47346D60-ED94-4A30-B28E-3550A2FC173F}.Debug|Any CPU.ActiveCfg = Debug|Any CPU
		{47346D60-ED94-4A30-B28E-3550A2FC173F}.Debug|Any CPU.Build.0 = Debug|Any CPU
		{47346D60-ED94-4A30-B28E-3550A2FC173F}.Debug|x64.ActiveCfg = Debug|Any CPU
		{47346D60-ED94-4A30-B28E-3550A2FC173F}.Debug|x64.Build.0 = Debug|Any CPU
		{47346D60-ED94-4A30-B28E-3550A2FC173F}.Debug|x86.ActiveCfg = Debug|Any CPU
		{47346D60-ED94-4A30-B28E-3550A2FC173F}.Debug|x86.Build.0 = Debug|Any CPU
		{47346D60-ED94-4A30-B28E-3550A2FC173F}.Release|Any CPU.ActiveCfg = Release|Any CPU
		{47346D60-ED94-4A30-B28E-3550A2FC173F}.Release|Any CPU.Build.0 = Release|Any CPU
		{47346D60-ED94-4A30-B28E-3550A2FC173F}.Release|x64.ActiveCfg = Release|Any CPU
		{47346D60-ED94-4A30-B28E-3550A2FC173F}.Release|x64.Build.0 = Release|Any CPU
		{47346D60-ED94-4A30-B28E-3550A2FC173F}.Release|x86.ActiveCfg = Release|Any CPU
		{47346D60-ED94-4A30-B28E-3550A2FC173F}.Release|x86.Build.0 = Release|Any CPU
		{99ED41AF-2BE3-4779-A908-3A0492BF7ED7}.Debug|Any CPU.ActiveCfg = Debug|Any CPU
		{99ED41AF-2BE3-4779-A908-3A0492BF7ED7}.Debug|Any CPU.Build.0 = Debug|Any CPU
		{99ED41AF-2BE3-4779-A908-3A0492BF7ED7}.Debug|x64.ActiveCfg = Debug|Any CPU
		{99ED41AF-2BE3-4779-A908-3A0492BF7ED7}.Debug|x64.Build.0 = Debug|Any CPU
		{99ED41AF-2BE3-4779-A908-3A0492BF7ED7}.Debug|x86.ActiveCfg = Debug|Any CPU
		{99ED41AF-2BE3-4779-A908-3A0492BF7ED7}.Debug|x86.Build.0 = Debug|Any CPU
		{99ED41AF-2BE3-4779-A908-3A0492BF7ED7}.Release|Any CPU.ActiveCfg = Release|Any CPU
		{99ED41AF-2BE3-4779-A908-3A0492BF7ED7}.Release|Any CPU.Build.0 = Release|Any CPU
		{99ED41AF-2BE3-4779-A908-3A0492BF7ED7}.Release|x64.ActiveCfg = Release|Any CPU
		{99ED41AF-2BE3-4779-A908-3A0492BF7ED7}.Release|x64.Build.0 = Release|Any CPU
		{99ED41AF-2BE3-4779-A908-3A0492BF7ED7}.Release|x86.ActiveCfg = Release|Any CPU
		{99ED41AF-2BE3-4779-A908-3A0492BF7ED7}.Release|x86.Build.0 = Release|Any CPU
		{0C7EF783-3B97-445D-A4DD-23F17897560D}.Debug|Any CPU.ActiveCfg = Debug|Any CPU
		{0C7EF783-3B97-445D-A4DD-23F17897560D}.Debug|Any CPU.Build.0 = Debug|Any CPU
		{0C7EF783-3B97-445D-A4DD-23F17897560D}.Debug|x64.ActiveCfg = Debug|Any CPU
		{0C7EF783-3B97-445D-A4DD-23F17897560D}.Debug|x64.Build.0 = Debug|Any CPU
		{0C7EF783-3B97-445D-A4DD-23F17897560D}.Debug|x86.ActiveCfg = Debug|Any CPU
		{0C7EF783-3B97-445D-A4DD-23F17897560D}.Debug|x86.Build.0 = Debug|Any CPU
		{0C7EF783-3B97-445D-A4DD-23F17897560D}.Release|Any CPU.ActiveCfg = Release|Any CPU
		{0C7EF783-3B97-445D-A4DD-23F17897560D}.Release|Any CPU.Build.0 = Release|Any CPU
		{0C7EF783-3B97-445D-A4DD-23F17897560D}.Release|x64.ActiveCfg = Release|Any CPU
		{0C7EF783-3B97-445D-A4DD-23F17897560D}.Release|x64.Build.0 = Release|Any CPU
		{0C7EF783-3B97-445D-A4DD-23F17897560D}.Release|x86.ActiveCfg = Release|Any CPU
		{0C7EF783-3B97-445D-A4DD-23F17897560D}.Release|x86.Build.0 = Release|Any CPU
	EndGlobalSection
	GlobalSection(SolutionProperties) = preSolution
		HideSolutionNode = FALSE
	EndGlobalSection
	GlobalSection(ExtensibilityGlobals) = postSolution
		SolutionGuid = {FDCBF434-41C4-4803-95A9-5D339F146230}
	EndGlobalSection
EndGlobal
